
Microsoft Visual Studio Solution File, Format Version 12.00
# Visual Studio Version 17
VisualStudioVersion = 17.10.34916.146
MinimumVisualStudioVersion = 10.0.40219.1
Project("{FAE04EC0-301F-11D3-BF4B-00C04F79EFBC}") = "BusZaPlus", "BusZaPlus\BusZaPlus.csproj", "{C10B1B72-25E5-4173-93D3-F470D368E5EE}"
EndProject
Project("{FAE04EC0-301F-11D3-BF4B-00C04F79EFBC}") = "DBLayer", "DBLayer\DBLayer.csproj", "{C0754B12-6547-4D5F-BBDF-B92577149357}"
EndProject
Global
	GlobalSection(SolutionConfigurationPlatforms) = preSolution
		Debug|Any CPU = Debug|Any CPU
		Release|Any CPU = Release|Any CPU
	EndGlobalSection
	GlobalSection(ProjectConfigurationPlatforms) = postSolution
		{C10B1B72-25E5-4173-93D3-F470D368E5EE}.Debug|Any CPU.ActiveCfg = Debug|Any CPU
		{C10B1B72-25E5-4173-93D3-F470D368E5EE}.Debug|Any CPU.Build.0 = Debug|Any CPU
		{C10B1B72-25E5-4173-93D3-F470D368E5EE}.Release|Any CPU.ActiveCfg = Release|Any CPU
		{C10B1B72-25E5-4173-93D3-F470D368E5EE}.Release|Any CPU.Build.0 = Release|Any CPU
		{C0754B12-6547-4D5F-BBDF-B92577149357}.Debug|Any CPU.ActiveCfg = Debug|Any CPU
		{C0754B12-6547-4D5F-BBDF-B92577149357}.Debug|Any CPU.Build.0 = Debug|Any CPU
		{C0754B12-6547-4D5F-BBDF-B92577149357}.Release|Any CPU.ActiveCfg = Release|Any CPU
		{C0754B12-6547-4D5F-BBDF-B92577149357}.Release|Any CPU.Build.0 = Release|Any CPU
	EndGlobalSection
	GlobalSection(SolutionProperties) = preSolution
		HideSolutionNode = FALSE
	EndGlobalSection
	GlobalSection(ExtensibilityGlobals) = postSolution
		SolutionGuid = {7A4DF07C-A922-4AFE-9C79-9094A7FA23FA}
	EndGlobalSection
EndGlobal
